Microsoft Visual Studio Solution File, Format Version 12.00
# Visual Studio Version 17
VisualStudioVersion = 17.0.31611.283
MinimumVisualStudioVersion = 10.0.40219.1
Project("{9A19103F-16F7-4668-BE54-9A1E7A4F7556}") = "MauiApp1", "MauiApp1\MauiApp1.csproj", "{32CC6390-0C25-4957-94E7-01D6219E47DA}"
EndProject
Project("{FAE04EC0-301F-11D3-BF4B-00C04F79EFBC}") = "RazorClassLibrary1", "RazorClassLibrary1\RazorClassLibrary1.csproj", "{CF65B9D9-3FDD-4A51-8456-87298D5CB2FE}"
EndProject
Global
	GlobalSection(SolutionConfigurationPlatforms) = preSolution
		Debug|Any CPU = Debug|Any CPU
		Release|Any CPU = Release|Any CPU
	EndGlobalSection
	GlobalSection(ProjectConfigurationPlatforms) = postSolution
		{32CC6390-0C25-4957-94E7-01D6219E47DA}.Debug|Any CPU.ActiveCfg = Debug|Any CPU
		{32CC6390-0C25-4957-94E7-01D6219E47DA}.Debug|Any CPU.Build.0 = Debug|Any CPU
		{32CC6390-0C25-4957-94E7-01D6219E47DA}.Debug|Any CPU.Deploy.0 = Debug|Any CPU
		{32CC6390-0C25-4957-94E7-01D6219E47DA}.Release|Any CPU.ActiveCfg = Release|Any CPU
		{32CC6390-0C25-4957-94E7-01D6219E47DA}.Release|Any CPU.Build.0 = Release|Any CPU
		{32CC6390-0C25-4957-94E7-01D6219E47DA}.Release|Any CPU.Deploy.0 = Release|Any CPU
		{CF65B9D9-3FDD-4A51-8456-87298D5CB2FE}.Debug|Any CPU.ActiveCfg = Debug|Any CPU
		{CF65B9D9-3FDD-4A51-8456-87298D5CB2FE}.Debug|Any CPU.Build.0 = Debug|Any CPU
		{CF65B9D9-3FDD-4A51-8456-87298D5CB2FE}.Release|Any CPU.ActiveCfg = Release|Any CPU
		{CF65B9D9-3FDD-4A51-8456-87298D5CB2FE}.Release|Any CPU.Build.0 = Release|Any CPU
	EndGlobalSection
	GlobalSection(SolutionProperties) = preSolution
		HideSolutionNode = FALSE
	EndGlobalSection
	GlobalSection(ExtensibilityGlobals) = postSolution
		        SolutionGuid = {61F7FB11-1E47-470C-91E2-47F8143E1572}
		SolutionGuid = {A8202647-9EF3-4123-9B65-692EFE59A52E}
	EndGlobalSection
EndGlobal
